{
  "name": "codecademy-website",
  "version": "1.0.0",
  "lockfileVersion": 3,
  "packages": {
    "": {
      "name": "codecademy-website",
      "version": "1.0.0",
      "dependencies": {
        "express": "^4.18.2"
      }
    },
    "node_modules/express": {
      "version": "4.18.2",
      "resolved": "https://npmjs.org",
      "integrity": "sha512-..."
    }
  }
}
